
Microsoft Visual Studio Solution File, Format Version 12.00
# Visual Studio Version 17
VisualStudioVersion = 17.14.36301.6 d17.14
MinimumVisualStudioVersion = 10.0.40219.1
Project("{FAE04EC0-301F-11D3-BF4B-00C04F79EFBC}") = "LIstBox_ImageControl", "LIstBox_ImageControl\LIstBox_ImageControl.csproj", "{CAD9F3D1-2647-4D37-9D76-CB2A52AA102B}"
EndProject
Global
	GlobalSection(SolutionConfigurationPlatforms) = preSolution
		Debug|Any CPU = Debug|Any CPU
		Release|Any CPU = Release|Any CPU
	EndGlobalSection
	GlobalSection(ProjectConfigurationPlatforms) = postSolution
		{CAD9F3D1-2647-4D37-9D76-CB2A52AA102B}.Debug|Any CPU.ActiveCfg = Debug|Any CPU
		{CAD9F3D1-2647-4D37-9D76-CB2A52AA102B}.Debug|Any CPU.Build.0 = Debug|Any CPU
		{CAD9F3D1-2647-4D37-9D76-CB2A52AA102B}.Release|Any CPU.ActiveCfg = Release|Any CPU
		{CAD9F3D1-2647-4D37-9D76-CB2A52AA102B}.Release|Any CPU.Build.0 = Release|Any CPU
	EndGlobalSection
	GlobalSection(SolutionProperties) = preSolution
		HideSolutionNode = FALSE
	EndGlobalSection
	GlobalSection(ExtensibilityGlobals) = postSolution
		SolutionGuid = {846E3C16-606E-44F4-83C0-99BD3490A8D4}
	EndGlobalSection
EndGlobal
