
Microsoft Visual Studio Solution File, Format Version 12.00
# Visual Studio Version 17
VisualStudioVersion = 17.14.36301.6 d17.14
MinimumVisualStudioVersion = 10.0.40219.1
Project("{FAE04EC0-301F-11D3-BF4B-00C04F79EFBC}") = "Custom_Validation", "Custom_Validation\Custom_Validation.csproj", "{84F48A8B-B7A2-4712-B1D8-4DE1F291E622}"
EndProject
Global
	GlobalSection(SolutionConfigurationPlatforms) = preSolution
		Debug|Any CPU = Debug|Any CPU
		Release|Any CPU = Release|Any CPU
	EndGlobalSection
	GlobalSection(ProjectConfigurationPlatforms) = postSolution
		{84F48A8B-B7A2-4712-B1D8-4DE1F291E622}.Debug|Any CPU.ActiveCfg = Debug|Any CPU
		{84F48A8B-B7A2-4712-B1D8-4DE1F291E622}.Debug|Any CPU.Build.0 = Debug|Any CPU
		{84F48A8B-B7A2-4712-B1D8-4DE1F291E622}.Release|Any CPU.ActiveCfg = Release|Any CPU
		{84F48A8B-B7A2-4712-B1D8-4DE1F291E622}.Release|Any CPU.Build.0 = Release|Any CPU
	EndGlobalSection
	GlobalSection(SolutionProperties) = preSolution
		HideSolutionNode = FALSE
	EndGlobalSection
	GlobalSection(ExtensibilityGlobals) = postSolution
		SolutionGuid = {663D4A2B-4E44-4861-AB3E-A9F335A1FE85}
	EndGlobalSection
EndGlobal
